// !$*UTF8*$!
{
	archiveVersion = 1;
	classes = {
	};
	objectVersion = 56;
	objects = {

/* Begin PBXBuildFile section */
		2D044D262AAF4B9100ED79F2 /* AddHabitView.swift in Sources */ = {isa = PBXBuildFile; fileRef = 2D044D252AAF4B9100ED79F2 /* AddHabitView.swift */; };
		2D044D282AAF514B00ED79F2 /* HabitDetailView.swift in Sources */ = {isa = PBXBuildFile; fileRef = 2D044D272AAF514B00ED79F2 /* HabitDetailView.swift */; };
		2D1AB05A2AC2C62F00741CD8 /* HabitManagerView.swift in Sources */ = {isa = PBXBuildFile; fileRef = 2D1AB0592AC2C62F00741CD8 /* HabitManagerView.swift */; };
		2D6000DD2AAF42A700BC524E /* HabitListView.swift in Sources */ = {isa = PBXBuildFile; fileRef = 2D6000DC2AAF42A700BC524E /* HabitListView.swift */; };
		2D9E82E72AB8562600DF177D /* EditHabitView.swift in Sources */ = {isa = PBXBuildFile; fileRef = 2D9E82E62AB8562600DF177D /* EditHabitView.swift */; };
		2DC0B7FE2ABDBD9000D087D6 /* DateReference+CoreDataClass.swift in Sources */ = {isa = PBXBuildFile; fileRef = 2DC0B7FA2ABDBD9000D087D6 /* DateReference+CoreDataClass.swift */; };
		2DC0B8002ABDBD9000D087D6 /* Habit+CoreDataClass.swift in Sources */ = {isa = PBXBuildFile; fileRef = 2DC0B7FC2ABDBD9000D087D6 /* Habit+CoreDataClass.swift */; };
		2DD6C2112AAF3E0200DA897A /* habit_trackerApp.swift in Sources */ = {isa = PBXBuildFile; fileRef = 2DD6C2102AAF3E0200DA897A /* habit_trackerApp.swift */; };
		2DD6C2132AAF3E0200DA897A /* Persistence.swift in Sources */ = {isa = PBXBuildFile; fileRef = 2DD6C2122AAF3E0200DA897A /* Persistence.swift */; };
		2DD6C2162AAF3E0200DA897A /* habit_tracker.xcdatamodeld in Sources */ = {isa = PBXBuildFile; fileRef = 2DD6C2142AAF3E0200DA897A /* habit_tracker.xcdatamodeld */; };
		2DD6C2182AAF3E0200DA897A /* ContentView.swift in Sources */ = {isa = PBXBuildFile; fileRef = 2DD6C2172AAF3E0200DA897A /* ContentView.swift */; };
		2DD6C21A2AAF3E0500DA897A /* Assets.xcassets in Resources */ = {isa = PBXBuildFile; fileRef = 2DD6C2192AAF3E0500DA897A /* Assets.xcassets */; };
		2DD6C21E2AAF3E0500DA897A /* Preview Assets.xcassets in Resources */ = {isa = PBXBuildFile; fileRef = 2DD6C21D2AAF3E0500DA897A /* Preview Assets.xcassets */; };
		2DE3E9E82AC2C6D900EF7D20 /* MainView.swift in Sources */ = {isa = PBXBuildFile; fileRef = 2DE3E9E72AC2C6D900EF7D20 /* MainView.swift */; };
/* End PBXBuildFile section */

/* Begin PBXFileReference section */
		2D044D252AAF4B9100ED79F2 /* AddHabitView.swift */ = {isa = PBXFileReference; lastKnownFileType = sourcecode.swift; path = AddHabitView.swift; sourceTree = "<group>"; };
		2D044D272AAF514B00ED79F2 /* HabitDetailView.swift */ = {isa = PBXFileReference; lastKnownFileType = sourcecode.swift; path = HabitDetailView.swift; sourceTree = "<group>"; };
		2D1AB0592AC2C62F00741CD8 /* HabitManagerView.swift */ = {isa = PBXFileReference; lastKnownFileType = sourcecode.swift; path = HabitManagerView.swift; sourceTree = "<group>"; };
		2D6000DC2AAF42A700BC524E /* HabitListView.swift */ = {isa = PBXFileReference; lastKnownFileType = sourcecode.swift; path = HabitListView.swift; sourceTree = "<group>"; };
		2D9E82E62AB8562600DF177D /* EditHabitView.swift */ = {isa = PBXFileReference; lastKnownFileType = sourcecode.swift; path = EditHabitView.swift; sourceTree = "<group>"; };
		2DC0B7FA2ABDBD9000D087D6 /* DateReference+CoreDataClass.swift */ = {isa = PBXFileReference; lastKnownFileType = sourcecode.swift; path = "DateReference+CoreDataClass.swift"; sourceTree = "<group>"; };
		2DC0B7FC2ABDBD9000D087D6 /* Habit+CoreDataClass.swift */ = {isa = PBXFileReference; lastKnownFileType = sourcecode.swift; path = "Habit+CoreDataClass.swift"; sourceTree = "<group>"; };
		2DD6C20D2AAF3E0200DA897A /* habit_tracker.app */ = {isa = PBXFileReference; explicitFileType = wrapper.application; includeInIndex = 0; path = habit_tracker.app; sourceTree = BUILT_PRODUCTS_DIR; };
		2DD6C2102AAF3E0200DA897A /* habit_trackerApp.swift */ = {isa = PBXFileReference; lastKnownFileType = sourcecode.swift; path = habit_trackerApp.swift; sourceTree = "<group>"; };
		2DD6C2122AAF3E0200DA897A /* Persistence.swift */ = {isa = PBXFileReference; lastKnownFileType = sourcecode.swift; path = Persistence.swift; sourceTree = "<group>"; };
		2DD6C2152AAF3E0200DA897A /* habit_tracker.xcdatamodel */ = {isa = PBXFileReference; lastKnownFileType = wrapper.xcdatamodel; path = habit_tracker.xcdatamodel; sourceTree = "<group>"; };
		2DD6C2172AAF3E0200DA897A /* ContentView.swift */ = {isa = PBXFileReference; lastKnownFileType = sourcecode.swift; path = ContentView.swift; sourceTree = "<group>"; };
		2DD6C2192AAF3E0500DA897A /* Assets.xcassets */ = {isa = PBXFileReference; lastKnownFileType = folder.assetcatalog; path = Assets.xcassets; sourceTree = "<group>"; };
		2DD6C21B2AAF3E0500DA897A /* habit_tracker.entitlements */ = {isa = PBXFileReference; lastKnownFileType = text.plist.entitlements; path = habit_tracker.entitlements; sourceTree = "<group>"; };
		2DD6C21D2AAF3E0500DA897A /* Preview Assets.xcassets */ = {isa = PBXFileReference; lastKnownFileType = folder.assetcatalog; path = "Preview Assets.xcassets"; sourceTree = "<group>"; };
		2DE3E9E72AC2C6D900EF7D20 /* MainView.swift */ = {isa = PBXFileReference; lastKnownFileType = sourcecode.swift; path = MainView.swift; sourceTree = "<group>"; };
/* End PBXFileReference section */

/* Begin PBXFrameworksBuildPhase section */
		2DD6C20A2AAF3E0200DA897A /* Frameworks */ = {
			isa = PBXFrameworksBuildPhase;
			buildActionMask = 2147483647;
			files = (
			);
			runOnlyForDeploymentPostprocessing = 0;
		};
/* End PBXFrameworksBuildPhase section */

/* Begin PBXGroup section */
		2D3DDCE02ABD91DB0049BE09 /* Model */ = {
			isa = PBXGroup;
			children = (
				2DC0B7FA2ABDBD9000D087D6 /* DateReference+CoreDataClass.swift */,
				2DC0B7FC2ABDBD9000D087D6 /* Habit+CoreDataClass.swift */,
			);
			path = Model;
			sourceTree = "<group>";
		};
		2DD6C2042AAF3E0200DA897A = {
			isa = PBXGroup;
			children = (
				2DD6C20F2AAF3E0200DA897A /* habit_tracker */,
				2DD6C20E2AAF3E0200DA897A /* Products */,
			);
			sourceTree = "<group>";
		};
		2DD6C20E2AAF3E0200DA897A /* Products */ = {
			isa = PBXGroup;
			children = (
				2DD6C20D2AAF3E0200DA897A /* habit_tracker.app */,
			);
			name = Products;
			sourceTree = "<group>";
		};
		2DD6C20F2AAF3E0200DA897A /* habit_tracker */ = {
			isa = PBXGroup;
			children = (
				2D3DDCE02ABD91DB0049BE09 /* Model */,
				2DD6C2102AAF3E0200DA897A /* habit_trackerApp.swift */,
				2DE3E9E72AC2C6D900EF7D20 /* MainView.swift */,
				2D1AB0592AC2C62F00741CD8 /* HabitManagerView.swift */,
				2DD6C2122AAF3E0200DA897A /* Persistence.swift */,
				2DD6C2172AAF3E0200DA897A /* ContentView.swift */,
				2D6000DC2AAF42A700BC524E /* HabitListView.swift */,
				2D044D272AAF514B00ED79F2 /* HabitDetailView.swift */,
				2D9E82E62AB8562600DF177D /* EditHabitView.swift */,
				2D044D252AAF4B9100ED79F2 /* AddHabitView.swift */,
				2DD6C2192AAF3E0500DA897A /* Assets.xcassets */,
				2DD6C21B2AAF3E0500DA897A /* habit_tracker.entitlements */,
				2DD6C2142AAF3E0200DA897A /* habit_tracker.xcdatamodeld */,
				2DD6C21C2AAF3E0500DA897A /* Preview Content */,
			);
			path = habit_tracker;
			sourceTree = "<group>";
		};
		2DD6C21C2AAF3E0500DA897A /* Preview Content */ = {
			isa = PBXGroup;
			children = (
				2DD6C21D2AAF3E0500DA897A /* Preview Assets.xcassets */,
			);
			path = "Preview Content";
			sourceTree = "<group>";
		};
/* End PBXGroup section */

/* Begin PBXNativeTarget section */
		2DD6C20C2AAF3E0200DA897A /* habit_tracker */ = {
			isa = PBXNativeTarget;
			buildConfigurationList = 2DD6C2212AAF3E0500DA897A /* Build configuration list for PBXNativeTarget "habit_tracker" */;
			buildPhases = (
				2DD6C2092AAF3E0200DA897A /* Sources */,
				2DD6C20A2AAF3E0200DA897A /* Frameworks */,
				2DD6C20B2AAF3E0200DA897A /* Resources */,
			);
			buildRules = (
			);
			dependencies = (
			);
			name = habit_tracker;
			productName = habit_tracker;
			productReference = 2DD6C20D2AAF3E0200DA897A /* habit_tracker.app */;
			productType = "com.apple.product-type.application";
		};
/* End PBXNativeTarget section */

/* Begin PBXProject section */
		2DD6C2052AAF3E0200DA897A /* Project object */ = {
			isa = PBXProject;
			attributes = {
				BuildIndependentTargetsInParallel = 1;
				LastSwiftUpdateCheck = 1430;
				LastUpgradeCheck = 1430;
				TargetAttributes = {
					2DD6C20C2AAF3E0200DA897A = {
						CreatedOnToolsVersion = 14.3.1;
					};
				};
			};
			buildConfigurationList = 2DD6C2082AAF3E0200DA897A /* Build configuration list for PBXProject "habit_tracker" */;
			compatibilityVersion = "Xcode 14.0";
			developmentRegion = en;
			hasScannedForEncodings = 0;
			knownRegions = (
				en,
				Base,
			);
			mainGroup = 2DD6C2042AAF3E0200DA897A;
			productRefGroup = 2DD6C20E2AAF3E0200DA897A /* Products */;
			projectDirPath = "";
			projectRoot = "";
			targets = (
				2DD6C20C2AAF3E0200DA897A /* habit_tracker */,
			);
		};
/* End PBXProject section */

/* Begin PBXResourcesBuildPhase section */
		2DD6C20B2AAF3E0200DA897A /* Resources */ = {
			isa = PBXResourcesBuildPhase;
			buildActionMask = 2147483647;
			files = (
				2DD6C21E2AAF3E0500DA897A /* Preview Assets.xcassets in Resources */,
				2DD6C21A2AAF3E0500DA897A /* Assets.xcassets in Resources */,
			);
			runOnlyForDeploymentPostprocessing = 0;
		};
/* End PBXResourcesBuildPhase section */

/* Begin PBXSourcesBuildPhase section */
		2DD6C2092AAF3E0200DA897A /* Sources */ = {
			isa = PBXSourcesBuildPhase;
			buildActionMask = 2147483647;
			files = (
				2D044D282AAF514B00ED79F2 /* HabitDetailView.swift in Sources */,
				2DE3E9E82AC2C6D900EF7D20 /* MainView.swift in Sources */,
				2D1AB05A2AC2C62F00741CD8 /* HabitManagerView.swift in Sources */,
				2DD6C2112AAF3E0200DA897A /* habit_trackerApp.swift in Sources */,
				2DC0B7FE2ABDBD9000D087D6 /* DateReference+CoreDataClass.swift in Sources */,
				2D6000DD2AAF42A700BC524E /* HabitListView.swift in Sources */,
				2DD6C2132AAF3E0200DA897A /* Persistence.swift in Sources */,
				2DD6C2182AAF3E0200DA897A /* ContentView.swift in Sources */,
				2DC0B8002ABDBD9000D087D6 /* Habit+CoreDataClass.swift in Sources */,
				2DD6C2162AAF3E0200DA897A /* habit_tracker.xcdatamodeld in Sources */,
				2D044D262AAF4B9100ED79F2 /* AddHabitView.swift in Sources */,
				2D9E82E72AB8562600DF177D /* EditHabitView.swift in Sources */,
			);
			runOnlyForDeploymentPostprocessing = 0;
		};
/* End PBXSourcesBuildPhase section */

/* Begin XCBuildConfiguration section */
		2DD6C21F2AAF3E0500DA897A /* Debug */ = {
			isa = XCBuildConfiguration;
			buildSettings = {
				ALWAYS_SEARCH_USER_PATHS = NO;
				CLANG_ANALYZER_NONNULL = YES;
				CLANG_ANALYZER_NUMBER_OBJECT_CONVERSION = YES_AGGRESSIVE;
				CLANG_CXX_LANGUAGE_STANDARD = "gnu++20";
				CLANG_ENABLE_MODULES = YES;
				CLANG_ENABLE_OBJC_ARC = YES;
				CLANG_ENABLE_OBJC_WEAK = YES;
				CLANG_WARN_BLOCK_CAPTURE_AUTORELEASING = YES;
				CLANG_WARN_BOOL_CONVERSION = YES;
				CLANG_WARN_COMMA = YES;
				CLANG_WARN_CONSTANT_CONVERSION = YES;
				CLANG_WARN_DEPRECATED_OBJC_IMPLEMENTATIONS = YES;
				CLANG_WARN_DIRECT_OBJC_ISA_USAGE = YES_ERROR;
				CLANG_WARN_DOCUMENTATION_COMMENTS = YES;
				CLANG_WARN_EMPTY_BODY = YES;
				CLANG_WARN_ENUM_CONVERSION = YES;
				CLANG_WARN_INFINITE_RECURSION = YES;
				CLANG_WARN_INT_CONVERSION = YES;
				CLANG_WARN_NON_LITERAL_NULL_CONVERSION = YES;
				CLANG_WARN_OBJC_IMPLICIT_RETAIN_SELF = YES;
				CLANG_WARN_OBJC_LITERAL_CONVERSION = YES;
				CLANG_WARN_OBJC_ROOT_CLASS = YES_ERROR;
				CLANG_WARN_QUOTED_INCLUDE_IN_FRAMEWORK_HEADER = YES;
				CLANG_WARN_RANGE_LOOP_ANALYSIS = YES;
				CLANG_WARN_STRICT_PROTOTYPES = YES;
				CLANG_WARN_SUSPICIOUS_MOVE = YES;
				CLANG_WARN_UNGUARDED_AVAILABILITY = YES_AGGRESSIVE;
				CLANG_WARN_UNREACHABLE_CODE = YES;
				CLANG_WARN__DUPLICATE_METHOD_MATCH = YES;
				COPY_PHASE_STRIP = NO;
				DEBUG_INFORMATION_FORMAT = dwarf;
				ENABLE_STRICT_OBJC_MSGSEND = YES;
				ENABLE_TESTABILITY = YES;
				GCC_C_LANGUAGE_STANDARD = gnu11;
				GCC_DYNAMIC_NO_PIC = NO;
				GCC_NO_COMMON_BLOCKS = YES;
				GCC_OPTIMIZATION_LEVEL = 0;
				GCC_PREPROCESSOR_DEFINITIONS = (
					"DEBUG=1",
					"$(inherited)",
				);
				GCC_WARN_64_TO_32_BIT_CONVERSION = YES;
				GCC_WARN_ABOUT_RETURN_TYPE = YES_ERROR;
				GCC_WARN_UNDECLARED_SELECTOR = YES;
				GCC_WARN_UNINITIALIZED_AUTOS = YES_AGGRESSIVE;
				GCC_WARN_UNUSED_FUNCTION = YES;
				GCC_WARN_UNUSED_VARIABLE = YES;
				MTL_ENABLE_DEBUG_INFO = INCLUDE_SOURCE;
				MTL_FAST_MATH = YES;
				ONLY_ACTIVE_ARCH = YES;
				SWIFT_ACTIVE_COMPILATION_CONDITIONS = DEBUG;
				SWIFT_OPTIMIZATION_LEVEL = "-Onone";
			};
			name = Debug;
		};
		2DD6C2202AAF3E0500DA897A /* Release */ = {
			isa = XCBuildConfiguration;
			buildSettings = {
				ALWAYS_SEARCH_USER_PATHS = NO;
				CLANG_ANALYZER_NONNULL = YES;
				CLANG_ANALYZER_NUMBER_OBJECT_CONVERSION = YES_AGGRESSIVE;
				CLANG_CXX_LANGUAGE_STANDARD = "gnu++20";
				CLANG_ENABLE_MODULES = YES;
				CLANG_ENABLE_OBJC_ARC = YES;
				CLANG_ENABLE_OBJC_WEAK = YES;
				CLANG_WARN_BLOCK_CAPTURE_AUTORELEASING = YES;
				CLANG_WARN_BOOL_CONVERSION = YES;
				CLANG_WARN_COMMA = YES;
				CLANG_WARN_CONSTANT_CONVERSION = YES;
				CLANG_WARN_DEPRECATED_OBJC_IMPLEMENTATIONS = YES;
				CLANG_WARN_DIRECT_OBJC_ISA_USAGE = YES_ERROR;
				CLANG_WARN_DOCUMENTATION_COMMENTS = YES;
				CLANG_WARN_EMPTY_BODY = YES;
				CLANG_WARN_ENUM_CONVERSION = YES;
				CLANG_WARN_INFINITE_RECURSION = YES;
				CLANG_WARN_INT_CONVERSION = YES;
				CLANG_WARN_NON_LITERAL_NULL_CONVERSION = YES;
				CLANG_WARN_OBJC_IMPLICIT_RETAIN_SELF = YES;
				CLANG_WARN_OBJC_LITERAL_CONVERSION = YES;
				CLANG_WARN_OBJC_ROOT_CLASS = YES_ERROR;
				CLANG_WARN_QUOTED_INCLUDE_IN_FRAMEWORK_HEADER = YES;
				CLANG_WARN_RANGE_LOOP_ANALYSIS = YES;
				CLANG_WARN_STRICT_PROTOTYPES = YES;
				CLANG_WARN_SUSPICIOUS_MOVE = YES;
				CLANG_WARN_UNGUARDED_AVAILABILITY = YES_AGGRESSIVE;
				CLANG_WARN_UNREACHABLE_CODE = YES;
				CLANG_WARN__DUPLICATE_METHOD_MATCH = YES;
				COPY_PHASE_STRIP = NO;
				DEBUG_INFORMATION_FORMAT = "dwarf-with-dsym";
				ENABLE_NS_ASSERTIONS = NO;
				ENABLE_STRICT_OBJC_MSGSEND = YES;
				GCC_C_LANGUAGE_STANDARD = gnu11;
				GCC_NO_COMMON_BLOCKS = YES;
				GCC_WARN_64_TO_32_BIT_CONVERSION = YES;
				GCC_WARN_ABOUT_RETURN_TYPE = YES_ERROR;
				GCC_WARN_UNDECLARED_SELECTOR = YES;
				GCC_WARN_UNINITIALIZED_AUTOS = YES_AGGRESSIVE;
				GCC_WARN_UNUSED_FUNCTION = YES;
				GCC_WARN_UNUSED_VARIABLE = YES;
				MTL_ENABLE_DEBUG_INFO = NO;
				MTL_FAST_MATH = YES;
				SWIFT_COMPILATION_MODE = wholemodule;
				SWIFT_OPTIMIZATION_LEVEL = "-O";
			};
			name = Release;
		};
		2DD6C2222AAF3E0500DA897A /* Debug */ = {
			isa = XCBuildConfiguration;
			buildSettings = {
				ASSETCATALOG_COMPILER_APPICON_NAME = AppIcon;
				ASSETCATALOG_COMPILER_GLOBAL_ACCENT_COLOR_NAME = AccentColor;
				CODE_SIGN_ENTITLEMENTS = habit_tracker/habit_tracker.entitlements;
				CODE_SIGN_STYLE = Automatic;
				CURRENT_PROJECT_VERSION = 1;
				DEVELOPMENT_ASSET_PATHS = "\"habit_tracker/Preview Content\"";
				ENABLE_PREVIEWS = YES;
				GENERATE_INFOPLIST_FILE = YES;
				"INFOPLIST_KEY_UIApplicationSceneManifest_Generation[sdk=iphoneos*]" = YES;
				"INFOPLIST_KEY_UIApplicationSceneManifest_Generation[sdk=iphonesimulator*]" = YES;
				"INFOPLIST_KEY_UIApplicationSupportsIndirectInputEvents[sdk=iphoneos*]" = YES;
				"INFOPLIST_KEY_UIApplicationSupportsIndirectInputEvents[sdk=iphonesimulator*]" = YES;
				"INFOPLIST_KEY_UILaunchScreen_Generation[sdk=iphoneos*]" = YES;
				"INFOPLIST_KEY_UILaunchScreen_Generation[sdk=iphonesimulator*]" = YES;
				"INFOPLIST_KEY_UIStatusBarStyle[sdk=iphoneos*]" = UIStatusBarStyleDefault;
				"INFOPLIST_KEY_UIStatusBarStyle[sdk=iphonesimulator*]" = UIStatusBarStyleDefault;
				INFOPLIST_KEY_UISupportedInterfaceOrientations_iPad = "UIInterfaceOrientationPortrait UIInterfaceOrientationPortraitUpsideDown UIInterfaceOrientationLandscapeLeft UIInterfaceOrientationLandscapeRight";
				INFOPLIST_KEY_UISupportedInterfaceOrientations_iPhone = "UIInterfaceOrientationPortrait UIInterfaceOrientationLandscapeLeft UIInterfaceOrientationLandscapeRight";
				IPHONEOS_DEPLOYMENT_TARGET = 16.4;
				LD_RUNPATH_SEARCH_PATHS = "@executable_path/Frameworks";
				"LD_RUNPATH_SEARCH_PATHS[sdk=macosx*]" = "@executable_path/../Frameworks";
				MACOSX_DEPLOYMENT_TARGET = 13.3;
				MARKETING_VERSION = 1.0;
				PRODUCT_BUNDLE_IDENTIFIER = "jcbob.habit-tracker";
				PRODUCT_NAME = "$(TARGET_NAME)";
				SDKROOT = auto;
				SUPPORTED_PLATFORMS = "iphoneos iphonesimulator macosx";
				SWIFT_EMIT_LOC_STRINGS = YES;
				SWIFT_VERSION = 5.0;
				TARGETED_DEVICE_FAMILY = "1,2";
			};
			name = Debug;
		};
		2DD6C2232AAF3E0500DA897A /* Release */ = {
			isa = XCBuildConfiguration;
			buildSettings = {
				ASSETCATALOG_COMPILER_APPICON_NAME = AppIcon;
				ASSETCATALOG_COMPILER_GLOBAL_ACCENT_COLOR_NAME = AccentColor;
				CODE_SIGN_ENTITLEMENTS = habit_tracker/habit_tracker.entitlements;
				CODE_SIGN_STYLE = Automatic;
				CURRENT_PROJECT_VERSION = 1;
				DEVELOPMENT_ASSET_PATHS = "\"habit_tracker/Preview Content\"";
				ENABLE_PREVIEWS = YES;
				GENERATE_INFOPLIST_FILE = YES;
				"INFOPLIST_KEY_UIApplicationSceneManifest_Generation[sdk=iphoneos*]" = YES;
				"INFOPLIST_KEY_UIApplicationSceneManifest_Generation[sdk=iphonesimulator*]" = YES;
				"INFOPLIST_KEY_UIApplicationSupportsIndirectInputEvents[sdk=iphoneos*]" = YES;
				"INFOPLIST_KEY_UIApplicationSupportsIndirectInputEvents[sdk=iphonesimulator*]" = YES;
				"INFOPLIST_KEY_UILaunchScreen_Generation[sdk=iphoneos*]" = YES;
				"INFOPLIST_KEY_UILaunchScreen_Generation[sdk=iphonesimulator*]" = YES;
				"INFOPLIST_KEY_UIStatusBarStyle[sdk=iphoneos*]" = UIStatusBarStyleDefault;
				"INFOPLIST_KEY_UIStatusBarStyle[sdk=iphonesimulator*]" = UIStatusBarStyleDefault;
				INFOPLIST_KEY_UISupportedInterfaceOrientations_iPad = "UIInterfaceOrientationPortrait UIInterfaceOrientationPortraitUpsideDown UIInterfaceOrientationLandscapeLeft UIInterfaceOrientationLandscapeRight";
				INFOPLIST_KEY_UISupportedInterfaceOrientations_iPhone = "UIInterfaceOrientationPortrait UIInterfaceOrientationLandscapeLeft UIInterfaceOrientationLandscapeRight";
				IPHONEOS_DEPLOYMENT_TARGET = 16.4;
				LD_RUNPATH_SEARCH_PATHS = "@executable_path/Frameworks";
				"LD_RUNPATH_SEARCH_PATHS[sdk=macosx*]" = "@executable_path/../Frameworks";
				MACOSX_DEPLOYMENT_TARGET = 13.3;
				MARKETING_VERSION = 1.0;
				PRODUCT_BUNDLE_IDENTIFIER = "jcbob.habit-tracker";
				PRODUCT_NAME = "$(TARGET_NAME)";
				SDKROOT = auto;
				SUPPORTED_PLATFORMS = "iphoneos iphonesimulator macosx";
				SWIFT_EMIT_LOC_STRINGS = YES;
				SWIFT_VERSION = 5.0;
				TARGETED_DEVICE_FAMILY = "1,2";
			};
			name = Release;
		};
/* End XCBuildConfiguration section */

/* Begin XCConfigurationList section */
		2DD6C2082AAF3E0200DA897A /* Build configuration list for PBXProject "habit_tracker" */ = {
			isa = XCConfigurationList;
			buildConfigurations = (
				2DD6C21F2AAF3E0500DA897A /* Debug */,
				2DD6C2202AAF3E0500DA897A /* Release */,
			);
			defaultConfigurationIsVisible = 0;
			defaultConfigurationName = Release;
		};
		2DD6C2212AAF3E0500DA897A /* Build configuration list for PBXNativeTarget "habit_tracker" */ = {
			isa = XCConfigurationList;
			buildConfigurations = (
				2DD6C2222AAF3E0500DA897A /* Debug */,
				2DD6C2232AAF3E0500DA897A /* Release */,
			);
			defaultConfigurationIsVisible = 0;
			defaultConfigurationName = Release;
		};
/* End XCConfigurationList section */

/* Begin XCVersionGroup section */
		2DD6C2142AAF3E0200DA897A /* habit_tracker.xcdatamodeld */ = {
			isa = XCVersionGroup;
			children = (
				2DD6C2152AAF3E0200DA897A /* habit_tracker.xcdatamodel */,
			);
			currentVersion = 2DD6C2152AAF3E0200DA897A /* habit_tracker.xcdatamodel */;
			path = habit_tracker.xcdatamodeld;
			sourceTree = "<group>";
			versionGroupType = wrapper.xcdatamodel;
		};
/* End XCVersionGroup section */
	};
	rootObject = 2DD6C2052AAF3E0200DA897A /* Project object */;
}
